{
  "name": "socksroute",
  "version": "0.1.0",
  "lockfileVersion": 3,
  "requires": true,
  "packages": {
    "": {
      "name": "socksroute",
      "version": "0.1.0",
      "license": "MIT",
      "bin": {
        "socksroute": "server.mjs"
      },
      "engines": {
        "node": ">=18.18"
      }
    }
  }
}
